PODS:
  - JYMediator (0.0.1):
    - JYMediator/Core (= 0.0.1)
  - JYMediator/Core (0.0.1)
  - JYMediator/iOSAppEvent (0.0.1):
    - JYMediator/Core

DEPENDENCIES:
  - JYMediator (from `../`)
  - JYMediator/iOSAppEvent (from `../`)

EXTERNAL SOURCES:
  JYMediator:
    :path: "../"

SPEC CHECKSUMS:
  JYMediator: 7e73c059b954ba75e81a261df8b742e5cbd6bbe2

PODFILE CHECKSUM: dee8bee32a8b8a56108b74162f260a7232b98cf9

COCOAPODS: 1.11.3
